// !$*UTF8*$!
{
	archiveVersion = 1;
	classes = {
	};
	objectVersion = 46;
	objects = {

/* Begin PBXBuildFile section */
		70288B9B1BC79A9A007FB970 /* main.m in Sources */ = {isa = PBXBuildFile; fileRef = 70288B9A1BC79A9A007FB970 /* main.m */; };
		70288B9E1BC79A9A007FB970 /* AppDelegate.m in Sources */ = {isa = PBXBuildFile; fileRef = 70288B9D1BC79A9A007FB970 /* AppDelegate.m */; };
		70288BA11BC79A9A007FB970 /* ViewController.m in Sources */ = {isa = PBXBuildFile; fileRef = 70288BA01BC79A9A007FB970 /* ViewController.m */; };
		70288BA41BC79A9A007FB970 /* Main.storyboard in Resources */ = {isa = PBXBuildFile; fileRef = 70288BA21BC79A9A007FB970 /* Main.storyboard */; };
		70288BA61BC79A9A007FB970 /* Assets.xcassets in Resources */ = {isa = PBXBuildFile; fileRef = 70288BA51BC79A9A007FB970 /* Assets.xcassets */; };
		70288BA91BC79A9A007FB970 /* LaunchScreen.storyboard in Resources */ = {isa = PBXBuildFile; fileRef = 70288BA71BC79A9A007FB970 /* LaunchScreen.storyboard */; };
		70288BB41BC79A9A007FB970 /* _4_______Tests.m in Sources */ = {isa = PBXBuildFile; fileRef = 70288BB31BC79A9A007FB970 /* _4_______Tests.m */; };
		70288BBF1BC79A9A007FB970 /* _4_______UITests.m in Sources */ = {isa = PBXBuildFile; fileRef = 70288BBE1BC79A9A007FB970 /* _4_______UITests.m */; };
		70288BD31BC79AC2007FB970 /* NotificationCenter.framework in Frameworks */ = {isa = PBXBuildFile; fileRef = 70288BD21BC79AC2007FB970 /* NotificationCenter.framework */; settings = {ASSET_TAGS = (); }; };
		70288BD71BC79AC2007FB970 /* TodayViewController.m in Sources */ = {isa = PBXBuildFile; fileRef = 70288BD61BC79AC2007FB970 /* TodayViewController.m */; };
		70288BDA1BC79AC2007FB970 /* MainInterface.storyboard in Resources */ = {isa = PBXBuildFile; fileRef = 70288BD81BC79AC2007FB970 /* MainInterface.storyboard */; };
		70288BDE1BC79AC2007FB970 /* todayE-test.appex in Embed App Extensions */ = {isa = PBXBuildFile; fileRef = 70288BD01BC79AC2007FB970 /* todayE-test.appex */; settings = {ATTRIBUTES = (RemoveHeadersOnCopy, ); }; };
		70288BEB1BC79D89007FB970 /* ShareViewController.m in Sources */ = {isa = PBXBuildFile; fileRef = 70288BEA1BC79D89007FB970 /* ShareViewController.m */; };
		70288BEE1BC79D89007FB970 /* MainInterface.storyboard in Resources */ = {isa = PBXBuildFile; fileRef = 70288BEC1BC79D89007FB970 /* MainInterface.storyboard */; };
		70288BF21BC79D89007FB970 /* test-shareE.appex in Embed App Extensions */ = {isa = PBXBuildFile; fileRef = 70288BE71BC79D89007FB970 /* test-shareE.appex */; settings = {ATTRIBUTES = (RemoveHeadersOnCopy, ); }; };
		70288BFC1BC7A100007FB970 /* PhotosUI.framework in Frameworks */ = {isa = PBXBuildFile; fileRef = 70288BFB1BC7A100007FB970 /* PhotosUI.framework */; settings = {ASSET_TAGS = (); }; };
		70288BFE1BC7A100007FB970 /* Photos.framework in Frameworks */ = {isa = PBXBuildFile; fileRef = 70288BFD1BC7A100007FB970 /* Photos.framework */; settings = {ASSET_TAGS = (); }; };
		70288C021BC7A100007FB970 /* PhotoEditingViewController.m in Sources */ = {isa = PBXBuildFile; fileRef = 70288C011BC7A100007FB970 /* PhotoEditingViewController.m */; };
		70288C051BC7A100007FB970 /* MainInterface.storyboard in Resources */ = {isa = PBXBuildFile; fileRef = 70288C031BC7A100007FB970 /* MainInterface.storyboard */; };
		70288C091BC7A100007FB970 /* test-PhotoEditingExtension.appex in Embed App Extensions */ = {isa = PBXBuildFile; fileRef = 70288BFA1BC7A100007FB970 /* test-PhotoEditingExtension.appex */; settings = {ATTRIBUTES = (RemoveHeadersOnCopy, ); }; };
		70288C151BC7A781007FB970 /* KeyboardViewController.m in Sources */ = {isa = PBXBuildFile; fileRef = 70288C141BC7A781007FB970 /* KeyboardViewController.m */; };
		70288C191BC7A781007FB970 /* test-自定义键盘-Extension.appex in Embed App Extensions */ = {isa = PBXBuildFile; fileRef = 70288C111BC7A781007FB970 /* test-自定义键盘-Extension.appex */; settings = {ATTRIBUTES = (RemoveHeadersOnCopy, ); }; };
/* End PBXBuildFile section */

/* Begin PBXContainerItemProxy section */
		70288BB01BC79A9A007FB970 /* PBXContainerItemProxy */ = {
			isa = PBXContainerItemProxy;
			containerPortal = 70288B8E1BC79A9A007FB970 /* Project object */;
			proxyType = 1;
			remoteGlobalIDString = 70288B951BC79A9A007FB970;
			remoteInfo = "04-应用扩展探究";
		};
		70288BBB1BC79A9A007FB970 /* PBXContainerItemProxy */ = {
			isa = PBXContainerItemProxy;
			containerPortal = 70288B8E1BC79A9A007FB970 /* Project object */;
			proxyType = 1;
			remoteGlobalIDString = 70288B951BC79A9A007FB970;
			remoteInfo = "04-应用扩展探究";
		};
		70288BDC1BC79AC2007FB970 /* PBXContainerItemProxy */ = {
			isa = PBXContainerItemProxy;
			containerPortal = 70288B8E1BC79A9A007FB970 /* Project object */;
			proxyType = 1;
			remoteGlobalIDString = 70288BCF1BC79AC2007FB970;
			remoteInfo = "todayE-test";
		};
		70288BF01BC79D89007FB970 /* PBXContainerItemProxy */ = {
			isa = PBXContainerItemProxy;
			containerPortal = 70288B8E1BC79A9A007FB970 /* Project object */;
			proxyType = 1;
			remoteGlobalIDString = 70288BE61BC79D89007FB970;
			remoteInfo = "test-shareE";
		};
		70288C071BC7A100007FB970 /* PBXContainerItemProxy */ = {
			isa = PBXContainerItemProxy;
			containerPortal = 70288B8E1BC79A9A007FB970 /* Project object */;
			proxyType = 1;
			remoteGlobalIDString = 70288BF91BC7A100007FB970;
			remoteInfo = "test-PhotoEditingExtension";
		};
		70288C171BC7A781007FB970 /* PBXContainerItemProxy */ = {
			isa = PBXContainerItemProxy;
			containerPortal = 70288B8E1BC79A9A007FB970 /* Project object */;
			proxyType = 1;
			remoteGlobalIDString = 70288C101BC7A781007FB970;
			remoteInfo = "test-自定义键盘-Extension";
		};
/* End PBXContainerItemProxy section */

/* Begin PBXCopyFilesBuildPhase section */
		70288BE21BC79AC2007FB970 /* Embed App Extensions */ = {
			isa = PBXCopyFilesBuildPhase;
			buildActionMask = 2147483647;
			dstPath = "";
			dstSubfolderSpec = 13;
			files = (
				70288C191BC7A781007FB970 /* test-自定义键盘-Extension.appex in Embed App Extensions */,
				70288BF21BC79D89007FB970 /* test-shareE.appex in Embed App Extensions */,
				70288C091BC7A100007FB970 /* test-PhotoEditingExtension.appex in Embed App Extensions */,
				70288BDE1BC79AC2007FB970 /* todayE-test.appex in Embed App Extensions */,
			);
			name = "Embed App Extensions";
			runOnlyForDeploymentPostprocessing = 0;
		};
/* End PBXCopyFilesBuildPhase section */

/* Begin PBXFileReference section */
		70288B961BC79A9A007FB970 /* 04-应用扩展探究.app */ = {isa = PBXFileReference; explicitFileType = wrapper.application; includeInIndex = 0; path = "04-应用扩展探究.app"; sourceTree = BUILT_PRODUCTS_DIR; };
		70288B9A1BC79A9A007FB970 /* main.m */ = {isa = PBXFileReference; lastKnownFileType = sourcecode.c.objc; path = main.m; sourceTree = "<group>"; };
		70288B9C1BC79A9A007FB970 /* AppDelegate.h */ = {isa = PBXFileReference; lastKnownFileType = sourcecode.c.h; path = AppDelegate.h; sourceTree = "<group>"; };
		70288B9D1BC79A9A007FB970 /* AppDelegate.m */ = {isa = PBXFileReference; lastKnownFileType = sourcecode.c.objc; path = AppDelegate.m; sourceTree = "<group>"; };
		70288B9F1BC79A9A007FB970 /* ViewController.h */ = {isa = PBXFileReference; lastKnownFileType = sourcecode.c.h; path = ViewController.h; sourceTree = "<group>"; };
		70288BA01BC79A9A007FB970 /* ViewController.m */ = {isa = PBXFileReference; lastKnownFileType = sourcecode.c.objc; path = ViewController.m; sourceTree = "<group>"; };
		70288BA31BC79A9A007FB970 /* Base */ = {isa = PBXFileReference; lastKnownFileType = file.storyboard; name = Base; path = Base.lproj/Main.storyboard; sourceTree = "<group>"; };
		70288BA51BC79A9A007FB970 /* Assets.xcassets */ = {isa = PBXFileReference; lastKnownFileType = folder.assetcatalog; path = Assets.xcassets; sourceTree = "<group>"; };
		70288BA81BC79A9A007FB970 /* Base */ = {isa = PBXFileReference; lastKnownFileType = file.storyboard; name = Base; path = Base.lproj/LaunchScreen.storyboard; sourceTree = "<group>"; };
		70288BAA1BC79A9A007FB970 /* Info.plist */ = {isa = PBXFileReference; lastKnownFileType = text.plist.xml; path = Info.plist; sourceTree = "<group>"; };
		70288BAF1BC79A9A007FB970 /* 04-应用扩展探究Tests.xctest */ = {isa = PBXFileReference; explicitFileType = wrapper.cfbundle; includeInIndex = 0; path = "04-应用扩展探究Tests.xctest"; sourceTree = BUILT_PRODUCTS_DIR; };
		70288BB31BC79A9A007FB970 /* _4_______Tests.m */ = {isa = PBXFileReference; lastKnownFileType = sourcecode.c.objc; path = "_4_______Tests.m"; sourceTree = "<group>"; };
		70288BB51BC79A9A007FB970 /* Info.plist */ = {isa = PBXFileReference; lastKnownFileType = text.plist.xml; path = Info.plist; sourceTree = "<group>"; };
		70288BBA1BC79A9A007FB970 /* 04-应用扩展探究UITests.xctest */ = {isa = PBXFileReference; explicitFileType = wrapper.cfbundle; includeInIndex = 0; path = "04-应用扩展探究UITests.xctest"; sourceTree = BUILT_PRODUCTS_DIR; };
		70288BBE1BC79A9A007FB970 /* _4_______UITests.m */ = {isa = PBXFileReference; lastKnownFileType = sourcecode.c.objc; path = "_4_______UITests.m"; sourceTree = "<group>"; };
		70288BC01BC79A9A007FB970 /* Info.plist */ = {isa = PBXFileReference; lastKnownFileType = text.plist.xml; path = Info.plist; sourceTree = "<group>"; };
		70288BD01BC79AC2007FB970 /* todayE-test.appex */ = {isa = PBXFileReference; explicitFileType = "wrapper.app-extension"; includeInIndex = 0; path = "todayE-test.appex"; sourceTree = BUILT_PRODUCTS_DIR; };
		70288BD21BC79AC2007FB970 /* NotificationCenter.framework */ = {isa = PBXFileReference; lastKnownFileType = wrapper.framework; name = NotificationCenter.framework; path = System/Library/Frameworks/NotificationCenter.framework; sourceTree = SDKROOT; };
		70288BD51BC79AC2007FB970 /* TodayViewController.h */ = {isa = PBXFileReference; lastKnownFileType = sourcecode.c.h; path = TodayViewController.h; sourceTree = "<group>"; };
		70288BD61BC79AC2007FB970 /* TodayViewController.m */ = {isa = PBXFileReference; lastKnownFileType = sourcecode.c.objc; path = TodayViewController.m; sourceTree = "<group>"; };
		70288BD91BC79AC2007FB970 /* Base */ = {isa = PBXFileReference; lastKnownFileType = file.storyboard; name = Base; path = Base.lproj/MainInterface.storyboard; sourceTree = "<group>"; };
		70288BDB1BC79AC2007FB970 /* Info.plist */ = {isa = PBXFileReference; lastKnownFileType = text.plist.xml; path = Info.plist; sourceTree = "<group>"; };
		70288BE71BC79D89007FB970 /* test-shareE.appex */ = {isa = PBXFileReference; explicitFileType = "wrapper.app-extension"; includeInIndex = 0; path = "test-shareE.appex"; sourceTree = BUILT_PRODUCTS_DIR; };
		70288BE91BC79D89007FB970 /* ShareViewController.h */ = {isa = PBXFileReference; lastKnownFileType = sourcecode.c.h; path = ShareViewController.h; sourceTree = "<group>"; };
		70288BEA1BC79D89007FB970 /* ShareViewController.m */ = {isa = PBXFileReference; lastKnownFileType = sourcecode.c.objc; path = ShareViewController.m; sourceTree = "<group>"; };
		70288BED1BC79D89007FB970 /* Base */ = {isa = PBXFileReference; lastKnownFileType = file.storyboard; name = Base; path = Base.lproj/MainInterface.storyboard; sourceTree = "<group>"; };
		70288BEF1BC79D89007FB970 /* Info.plist */ = {isa = PBXFileReference; lastKnownFileType = text.plist.xml; path = Info.plist; sourceTree = "<group>"; };
		70288BFA1BC7A100007FB970 /* test-PhotoEditingExtension.appex */ = {isa = PBXFileReference; explicitFileType = "wrapper.app-extension"; includeInIndex = 0; path = "test-PhotoEditingExtension.appex"; sourceTree = BUILT_PRODUCTS_DIR; };
		70288BFB1BC7A100007FB970 /* PhotosUI.framework */ = {isa = PBXFileReference; lastKnownFileType = wrapper.framework; name = PhotosUI.framework; path = System/Library/Frameworks/PhotosUI.framework; sourceTree = SDKROOT; };
		70288BFD1BC7A100007FB970 /* Photos.framework */ = {isa = PBXFileReference; lastKnownFileType = wrapper.framework; name = Photos.framework; path = System/Library/Frameworks/Photos.framework; sourceTree = SDKROOT; };
		70288C001BC7A100007FB970 /* PhotoEditingViewController.h */ = {isa = PBXFileReference; lastKnownFileType = sourcecode.c.h; path = PhotoEditingViewController.h; sourceTree = "<group>"; };
		70288C011BC7A100007FB970 /* PhotoEditingViewController.m */ = {isa = PBXFileReference; lastKnownFileType = sourcecode.c.objc; path = PhotoEditingViewController.m; sourceTree = "<group>"; };
		70288C041BC7A100007FB970 /* Base */ = {isa = PBXFileReference; lastKnownFileType = file.storyboard; name = Base; path = Base.lproj/MainInterface.storyboard; sourceTree = "<group>"; };
		70288C061BC7A100007FB970 /* Info.plist */ = {isa = PBXFileReference; lastKnownFileType = text.plist.xml; path = Info.plist; sourceTree = "<group>"; };
		70288C111BC7A781007FB970 /* test-自定义键盘-Extension.appex */ = {isa = PBXFileReference; explicitFileType = "wrapper.app-extension"; includeInIndex = 0; path = "test-自定义键盘-Extension.appex"; sourceTree = BUILT_PRODUCTS_DIR; };
		70288C131BC7A781007FB970 /* KeyboardViewController.h */ = {isa = PBXFileReference; lastKnownFileType = sourcecode.c.h; path = KeyboardViewController.h; sourceTree = "<group>"; };
		70288C141BC7A781007FB970 /* KeyboardViewController.m */ = {isa = PBXFileReference; lastKnownFileType = sourcecode.c.objc; path = KeyboardViewController.m; sourceTree = "<group>"; };
		70288C161BC7A781007FB970 /* Info.plist */ = {isa = PBXFileReference; lastKnownFileType = text.plist.xml; path = Info.plist; sourceTree = "<group>"; };
/* End PBXFileReference section */

/* Begin PBXFrameworksBuildPhase section */
		70288B931BC79A9A007FB970 /* Frameworks */ = {
			isa = PBXFrameworksBuildPhase;
			buildActionMask = 2147483647;
			files = (
			);
			runOnlyForDeploymentPostprocessing = 0;
		};
		70288BAC1BC79A9A007FB970 /* Frameworks */ = {
			isa = PBXFrameworksBuildPhase;
			buildActionMask = 2147483647;
			files = (
			);
			runOnlyForDeploymentPostprocessing = 0;
		};
		70288BB71BC79A9A007FB970 /* Frameworks */ = {
			isa = PBXFrameworksBuildPhase;
			buildActionMask = 2147483647;
			files = (
			);
			runOnlyForDeploymentPostprocessing = 0;
		};
		70288BCD1BC79AC2007FB970 /* Frameworks */ = {
			isa = PBXFrameworksBuildPhase;
			buildActionMask = 2147483647;
			files = (
				70288BD31BC79AC2007FB970 /* NotificationCenter.framework in Frameworks */,
			);
			runOnlyForDeploymentPostprocessing = 0;
		};
		70288BE41BC79D89007FB970 /* Frameworks */ = {
			isa = PBXFrameworksBuildPhase;
			buildActionMask = 2147483647;
			files = (
			);
			runOnlyForDeploymentPostprocessing = 0;
		};
		70288BF71BC7A100007FB970 /* Frameworks */ = {
			isa = PBXFrameworksBuildPhase;
			buildActionMask = 2147483647;
			files = (
				70288BFC1BC7A100007FB970 /* PhotosUI.framework in Frameworks */,
				70288BFE1BC7A100007FB970 /* Photos.framework in Frameworks */,
			);
			runOnlyForDeploymentPostprocessing = 0;
		};
		70288C0E1BC7A781007FB970 /* Frameworks */ = {
			isa = PBXFrameworksBuildPhase;
			buildActionMask = 2147483647;
			files = (
			);
			runOnlyForDeploymentPostprocessing = 0;
		};
/* End PBXFrameworksBuildPhase section */

/* Begin PBXGroup section */
		70288B8D1BC79A9A007FB970 = {
			isa = PBXGroup;
			children = (
				70288B981BC79A9A007FB970 /* 04-应用扩展探究 */,
				70288BB21BC79A9A007FB970 /* 04-应用扩展探究Tests */,
				70288BBD1BC79A9A007FB970 /* 04-应用扩展探究UITests */,
				70288BD41BC79AC2007FB970 /* todayE-test */,
				70288BE81BC79D89007FB970 /* test-shareE */,
				70288BFF1BC7A100007FB970 /* test-PhotoEditingExtension */,
				70288C121BC7A781007FB970 /* test-自定义键盘-Extension */,
				70288BD11BC79AC2007FB970 /* Frameworks */,
				70288B971BC79A9A007FB970 /* Products */,
			);
			sourceTree = "<group>";
		};
		70288B971BC79A9A007FB970 /* Products */ = {
			isa = PBXGroup;
			children = (
				70288B961BC79A9A007FB970 /* 04-应用扩展探究.app */,
				70288BAF1BC79A9A007FB970 /* 04-应用扩展探究Tests.xctest */,
				70288BBA1BC79A9A007FB970 /* 04-应用扩展探究UITests.xctest */,
				70288BD01BC79AC2007FB970 /* todayE-test.appex */,
				70288BE71BC79D89007FB970 /* test-shareE.appex */,
				70288BFA1BC7A100007FB970 /* test-PhotoEditingExtension.appex */,
				70288C111BC7A781007FB970 /* test-自定义键盘-Extension.appex */,
			);
			name = Products;
			sourceTree = "<group>";
		};
		70288B981BC79A9A007FB970 /* 04-应用扩展探究 */ = {
			isa = PBXGroup;
			children = (
				70288B9C1BC79A9A007FB970 /* AppDelegate.h */,
				70288B9D1BC79A9A007FB970 /* AppDelegate.m */,
				70288B9F1BC79A9A007FB970 /* ViewController.h */,
				70288BA01BC79A9A007FB970 /* ViewController.m */,
				70288BA21BC79A9A007FB970 /* Main.storyboard */,
				70288BA51BC79A9A007FB970 /* Assets.xcassets */,
				70288BA71BC79A9A007FB970 /* LaunchScreen.storyboard */,
				70288BAA1BC79A9A007FB970 /* Info.plist */,
				70288B991BC79A9A007FB970 /* Supporting Files */,
			);
			path = "04-应用扩展探究";
			sourceTree = "<group>";
		};
		70288B991BC79A9A007FB970 /* Supporting Files */ = {
			isa = PBXGroup;
			children = (
				70288B9A1BC79A9A007FB970 /* main.m */,
			);
			name = "Supporting Files";
			sourceTree = "<group>";
		};
		70288BB21BC79A9A007FB970 /* 04-应用扩展探究Tests */ = {
			isa = PBXGroup;
			children = (
				70288BB31BC79A9A007FB970 /* _4_______Tests.m */,
				70288BB51BC79A9A007FB970 /* Info.plist */,
			);
			path = "04-应用扩展探究Tests";
			sourceTree = "<group>";
		};
		70288BBD1BC79A9A007FB970 /* 04-应用扩展探究UITests */ = {
			isa = PBXGroup;
			children = (
				70288BBE1BC79A9A007FB970 /* _4_______UITests.m */,
				70288BC01BC79A9A007FB970 /* Info.plist */,
			);
			path = "04-应用扩展探究UITests";
			sourceTree = "<group>";
		};
		70288BD11BC79AC2007FB970 /* Frameworks */ = {
			isa = PBXGroup;
			children = (
				70288BD21BC79AC2007FB970 /* NotificationCenter.framework */,
				70288BFB1BC7A100007FB970 /* PhotosUI.framework */,
				70288BFD1BC7A100007FB970 /* Photos.framework */,
			);
			name = Frameworks;
			sourceTree = "<group>";
		};
		70288BD41BC79AC2007FB970 /* todayE-test */ = {
			isa = PBXGroup;
			children = (
				70288BD51BC79AC2007FB970 /* TodayViewController.h */,
				70288BD61BC79AC2007FB970 /* TodayViewController.m */,
				70288BD81BC79AC2007FB970 /* MainInterface.storyboard */,
				70288BDB1BC79AC2007FB970 /* Info.plist */,
			);
			path = "todayE-test";
			sourceTree = "<group>";
		};
		70288BE81BC79D89007FB970 /* test-shareE */ = {
			isa = PBXGroup;
			children = (
				70288BE91BC79D89007FB970 /* ShareViewController.h */,
				70288BEA1BC79D89007FB970 /* ShareViewController.m */,
				70288BEC1BC79D89007FB970 /* MainInterface.storyboard */,
				70288BEF1BC79D89007FB970 /* Info.plist */,
			);
			path = "test-shareE";
			sourceTree = "<group>";
		};
		70288BFF1BC7A100007FB970 /* test-PhotoEditingExtension */ = {
			isa = PBXGroup;
			children = (
				70288C001BC7A100007FB970 /* PhotoEditingViewController.h */,
				70288C011BC7A100007FB970 /* PhotoEditingViewController.m */,
				70288C031BC7A100007FB970 /* MainInterface.storyboard */,
				70288C061BC7A100007FB970 /* Info.plist */,
			);
			path = "test-PhotoEditingExtension";
			sourceTree = "<group>";
		};
		70288C121BC7A781007FB970 /* test-自定义键盘-Extension */ = {
			isa = PBXGroup;
			children = (
				70288C131BC7A781007FB970 /* KeyboardViewController.h */,
				70288C141BC7A781007FB970 /* KeyboardViewController.m */,
				70288C161BC7A781007FB970 /* Info.plist */,
			);
			path = "test-自定义键盘-Extension";
			sourceTree = "<group>";
		};
/* End PBXGroup section */

/* Begin PBXNativeTarget section */
		70288B951BC79A9A007FB970 /* 04-应用扩展探究 */ = {
			isa = PBXNativeTarget;
			buildConfigurationList = 70288BC31BC79A9A007FB970 /* Build configuration list for PBXNativeTarget "04-应用扩展探究" */;
			buildPhases = (
				70288B921BC79A9A007FB970 /* Sources */,
				70288B931BC79A9A007FB970 /* Frameworks */,
				70288B941BC79A9A007FB970 /* Resources */,
				70288BE21BC79AC2007FB970 /* Embed App Extensions */,
			);
			buildRules = (
			);
			dependencies = (
				70288BDD1BC79AC2007FB970 /* PBXTargetDependency */,
				70288BF11BC79D89007FB970 /* PBXTargetDependency */,
				70288C081BC7A100007FB970 /* PBXTargetDependency */,
				70288C181BC7A781007FB970 /* PBXTargetDependency */,
			);
			name = "04-应用扩展探究";
			productName = "04-应用扩展探究";
			productReference = 70288B961BC79A9A007FB970 /* 04-应用扩展探究.app */;
			productType = "com.apple.product-type.application";
		};
		70288BAE1BC79A9A007FB970 /* 04-应用扩展探究Tests */ = {
			isa = PBXNativeTarget;
			buildConfigurationList = 70288BC61BC79A9A007FB970 /* Build configuration list for PBXNativeTarget "04-应用扩展探究Tests" */;
			buildPhases = (
				70288BAB1BC79A9A007FB970 /* Sources */,
				70288BAC1BC79A9A007FB970 /* Frameworks */,
				70288BAD1BC79A9A007FB970 /* Resources */,
			);
			buildRules = (
			);
			dependencies = (
				70288BB11BC79A9A007FB970 /* PBXTargetDependency */,
			);
			name = "04-应用扩展探究Tests";
			productName = "04-应用扩展探究Tests";
			productReference = 70288BAF1BC79A9A007FB970 /* 04-应用扩展探究Tests.xctest */;
			productType = "com.apple.product-type.bundle.unit-test";
		};
		70288BB91BC79A9A007FB970 /* 04-应用扩展探究UITests */ = {
			isa = PBXNativeTarget;
			buildConfigurationList = 70288BC91BC79A9A007FB970 /* Build configuration list for PBXNativeTarget "04-应用扩展探究UITests" */;
			buildPhases = (
				70288BB61BC79A9A007FB970 /* Sources */,
				70288BB71BC79A9A007FB970 /* Frameworks */,
				70288BB81BC79A9A007FB970 /* Resources */,
			);
			buildRules = (
			);
			dependencies = (
				70288BBC1BC79A9A007FB970 /* PBXTargetDependency */,
			);
			name = "04-应用扩展探究UITests";
			productName = "04-应用扩展探究UITests";
			productReference = 70288BBA1BC79A9A007FB970 /* 04-应用扩展探究UITests.xctest */;
			productType = "com.apple.product-type.bundle.ui-testing";
		};
		70288BCF1BC79AC2007FB970 /* todayE-test */ = {
			isa = PBXNativeTarget;
			buildConfigurationList = 70288BDF1BC79AC2007FB970 /* Build configuration list for PBXNativeTarget "todayE-test" */;
			buildPhases = (
				70288BCC1BC79AC2007FB970 /* Sources */,
				70288BCD1BC79AC2007FB970 /* Frameworks */,
				70288BCE1BC79AC2007FB970 /* Resources */,
			);
			buildRules = (
			);
			dependencies = (
			);
			name = "todayE-test";
			productName = "todayE-test";
			productReference = 70288BD01BC79AC2007FB970 /* todayE-test.appex */;
			productType = "com.apple.product-type.app-extension";
		};
		70288BE61BC79D89007FB970 /* test-shareE */ = {
			isa = PBXNativeTarget;
			buildConfigurationList = 70288BF31BC79D8A007FB970 /* Build configuration list for PBXNativeTarget "test-shareE" */;
			buildPhases = (
				70288BE31BC79D89007FB970 /* Sources */,
				70288BE41BC79D89007FB970 /* Frameworks */,
				70288BE51BC79D89007FB970 /* Resources */,
			);
			buildRules = (
			);
			dependencies = (
			);
			name = "test-shareE";
			productName = "test-shareE";
			productReference = 70288BE71BC79D89007FB970 /* test-shareE.appex */;
			productType = "com.apple.product-type.app-extension";
		};
		70288BF91BC7A100007FB970 /* test-PhotoEditingExtension */ = {
			isa = PBXNativeTarget;
			buildConfigurationList = 70288C0A1BC7A100007FB970 /* Build configuration list for PBXNativeTarget "test-PhotoEditingExtension" */;
			buildPhases = (
				70288BF61BC7A100007FB970 /* Sources */,
				70288BF71BC7A100007FB970 /* Frameworks */,
				70288BF81BC7A100007FB970 /* Resources */,
			);
			buildRules = (
			);
			dependencies = (
			);
			name = "test-PhotoEditingExtension";
			productName = "test-PhotoEditingExtension";
			productReference = 70288BFA1BC7A100007FB970 /* test-PhotoEditingExtension.appex */;
			productType = "com.apple.product-type.app-extension";
		};
		70288C101BC7A781007FB970 /* test-自定义键盘-Extension */ = {
			isa = PBXNativeTarget;
			buildConfigurationList = 70288C1A1BC7A781007FB970 /* Build configuration list for PBXNativeTarget "test-自定义键盘-Extension" */;
			buildPhases = (
				70288C0D1BC7A781007FB970 /* Sources */,
				70288C0E1BC7A781007FB970 /* Frameworks */,
				70288C0F1BC7A781007FB970 /* Resources */,
			);
			buildRules = (
			);
			dependencies = (
			);
			name = "test-自定义键盘-Extension";
			productName = "test-自定义键盘-Extension";
			productReference = 70288C111BC7A781007FB970 /* test-自定义键盘-Extension.appex */;
			productType = "com.apple.product-type.app-extension";
		};
/* End PBXNativeTarget section */

/* Begin PBXProject section */
		70288B8E1BC79A9A007FB970 /* Project object */ = {
			isa = PBXProject;
			attributes = {
				LastUpgradeCheck = 0700;
				ORGANIZATIONNAME = "小码哥";
				TargetAttributes = {
					70288B951BC79A9A007FB970 = {
						CreatedOnToolsVersion = 7.0;
					};
					70288BAE1BC79A9A007FB970 = {
						CreatedOnToolsVersion = 7.0;
						TestTargetID = 70288B951BC79A9A007FB970;
					};
					70288BB91BC79A9A007FB970 = {
						CreatedOnToolsVersion = 7.0;
						TestTargetID = 70288B951BC79A9A007FB970;
					};
					70288BCF1BC79AC2007FB970 = {
						CreatedOnToolsVersion = 7.0;
					};
					70288BE61BC79D89007FB970 = {
						CreatedOnToolsVersion = 7.0;
					};
					70288BF91BC7A100007FB970 = {
						CreatedOnToolsVersion = 7.0;
					};
					70288C101BC7A781007FB970 = {
						CreatedOnToolsVersion = 7.0;
					};
				};
			};
			buildConfigurationList = 70288B911BC79A9A007FB970 /* Build configuration list for PBXProject "04-应用扩展探究" */;
			compatibilityVersion = "Xcode 3.2";
			developmentRegion = English;
			hasScannedForEncodings = 0;
			knownRegions = (
				en,
				Base,
			);
			mainGroup = 70288B8D1BC79A9A007FB970;
			productRefGroup = 70288B971BC79A9A007FB970 /* Products */;
			projectDirPath = "";
			projectRoot = "";
			targets = (
				70288B951BC79A9A007FB970 /* 04-应用扩展探究 */,
				70288BAE1BC79A9A007FB970 /* 04-应用扩展探究Tests */,
				70288BB91BC79A9A007FB970 /* 04-应用扩展探究UITests */,
				70288BCF1BC79AC2007FB970 /* todayE-test */,
				70288BE61BC79D89007FB970 /* test-shareE */,
				70288BF91BC7A100007FB970 /* test-PhotoEditingExtension */,
				70288C101BC7A781007FB970 /* test-自定义键盘-Extension */,
			);
		};
/* End PBXProject section */

/* Begin PBXResourcesBuildPhase section */
		70288B941BC79A9A007FB970 /* Resources */ = {
			isa = PBXResourcesBuildPhase;
			buildActionMask = 2147483647;
			files = (
				70288BA91BC79A9A007FB970 /* LaunchScreen.storyboard in Resources */,
				70288BA61BC79A9A007FB970 /* Assets.xcassets in Resources */,
				70288BA41BC79A9A007FB970 /* Main.storyboard in Resources */,
			);
			runOnlyForDeploymentPostprocessing = 0;
		};
		70288BAD1BC79A9A007FB970 /* Resources */ = {
			isa = PBXResourcesBuildPhase;
			buildActionMask = 2147483647;
			files = (
			);
			runOnlyForDeploymentPostprocessing = 0;
		};
		70288BB81BC79A9A007FB970 /* Resources */ = {
			isa = PBXResourcesBuildPhase;
			buildActionMask = 2147483647;
			files = (
			);
			runOnlyForDeploymentPostprocessing = 0;
		};
		70288BCE1BC79AC2007FB970 /* Resources */ = {
			isa = PBXResourcesBuildPhase;
			buildActionMask = 2147483647;
			files = (
				70288BDA1BC79AC2007FB970 /* MainInterface.storyboard in Resources */,
			);
			runOnlyForDeploymentPostprocessing = 0;
		};
		70288BE51BC79D89007FB970 /* Resources */ = {
			isa = PBXResourcesBuildPhase;
			buildActionMask = 2147483647;
			files = (
				70288BEE1BC79D89007FB970 /* MainInterface.storyboard in Resources */,
			);
			runOnlyForDeploymentPostprocessing = 0;
		};
		70288BF81BC7A100007FB970 /* Resources */ = {
			isa = PBXResourcesBuildPhase;
			buildActionMask = 2147483647;
			files = (
				70288C051BC7A100007FB970 /* MainInterface.storyboard in Resources */,
			);
			runOnlyForDeploymentPostprocessing = 0;
		};
		70288C0F1BC7A781007FB970 /* Resources */ = {
			isa = PBXResourcesBuildPhase;
			buildActionMask = 2147483647;
			files = (
			);
			runOnlyForDeploymentPostprocessing = 0;
		};
/* End PBXResourcesBuildPhase section */

/* Begin PBXSourcesBuildPhase section */
		70288B921BC79A9A007FB970 /* Sources */ = {
			isa = PBXSourcesBuildPhase;
			buildActionMask = 2147483647;
			files = (
				70288BA11BC79A9A007FB970 /* ViewController.m in Sources */,
				70288B9E1BC79A9A007FB970 /* AppDelegate.m in Sources */,
				70288B9B1BC79A9A007FB970 /* main.m in Sources */,
			);
			runOnlyForDeploymentPostprocessing = 0;
		};
		70288BAB1BC79A9A007FB970 /* Sources */ = {
			isa = PBXSourcesBuildPhase;
			buildActionMask = 2147483647;
			files = (
				70288BB41BC79A9A007FB970 /* _4_______Tests.m in Sources */,
			);
			runOnlyForDeploymentPostprocessing = 0;
		};
		70288BB61BC79A9A007FB970 /* Sources */ = {
			isa = PBXSourcesBuildPhase;
			buildActionMask = 2147483647;
			files = (
				70288BBF1BC79A9A007FB970 /* _4_______UITests.m in Sources */,
			);
			runOnlyForDeploymentPostprocessing = 0;
		};
		70288BCC1BC79AC2007FB970 /* Sources */ = {
			isa = PBXSourcesBuildPhase;
			buildActionMask = 2147483647;
			files = (
				70288BD71BC79AC2007FB970 /* TodayViewController.m in Sources */,
			);
			runOnlyForDeploymentPostprocessing = 0;
		};
		70288BE31BC79D89007FB970 /* Sources */ = {
			isa = PBXSourcesBuildPhase;
			buildActionMask = 2147483647;
			files = (
				70288BEB1BC79D89007FB970 /* ShareViewController.m in Sources */,
			);
			runOnlyForDeploymentPostprocessing = 0;
		};
		70288BF61BC7A100007FB970 /* Sources */ = {
			isa = PBXSourcesBuildPhase;
			buildActionMask = 2147483647;
			files = (
				70288C021BC7A100007FB970 /* PhotoEditingViewController.m in Sources */,
			);
			runOnlyForDeploymentPostprocessing = 0;
		};
		70288C0D1BC7A781007FB970 /* Sources */ = {
			isa = PBXSourcesBuildPhase;
			buildActionMask = 2147483647;
			files = (
				70288C151BC7A781007FB970 /* KeyboardViewController.m in Sources */,
			);
			runOnlyForDeploymentPostprocessing = 0;
		};
/* End PBXSourcesBuildPhase section */

/* Begin PBXTargetDependency section */
		70288BB11BC79A9A007FB970 /* PBXTargetDependency */ = {
			isa = PBXTargetDependency;
			target = 70288B951BC79A9A007FB970 /* 04-应用扩展探究 */;
			targetProxy = 70288BB01BC79A9A007FB970 /* PBXContainerItemProxy */;
		};
		70288BBC1BC79A9A007FB970 /* PBXTargetDependency */ = {
			isa = PBXTargetDependency;
			target = 70288B951BC79A9A007FB970 /* 04-应用扩展探究 */;
			targetProxy = 70288BBB1BC79A9A007FB970 /* PBXContainerItemProxy */;
		};
		70288BDD1BC79AC2007FB970 /* PBXTargetDependency */ = {
			isa = PBXTargetDependency;
			target = 70288BCF1BC79AC2007FB970 /* todayE-test */;
			targetProxy = 70288BDC1BC79AC2007FB970 /* PBXContainerItemProxy */;
		};
		70288BF11BC79D89007FB970 /* PBXTargetDependency */ = {
			isa = PBXTargetDependency;
			target = 70288BE61BC79D89007FB970 /* test-shareE */;
			targetProxy = 70288BF01BC79D89007FB970 /* PBXContainerItemProxy */;
		};
		70288C081BC7A100007FB970 /* PBXTargetDependency */ = {
			isa = PBXTargetDependency;
			target = 70288BF91BC7A100007FB970 /* test-PhotoEditingExtension */;
			targetProxy = 70288C071BC7A100007FB970 /* PBXContainerItemProxy */;
		};
		70288C181BC7A781007FB970 /* PBXTargetDependency */ = {
			isa = PBXTargetDependency;
			target = 70288C101BC7A781007FB970 /* test-自定义键盘-Extension */;
			targetProxy = 70288C171BC7A781007FB970 /* PBXContainerItemProxy */;
		};
/* End PBXTargetDependency section */

/* Begin PBXVariantGroup section */
		70288BA21BC79A9A007FB970 /* Main.storyboard */ = {
			isa = PBXVariantGroup;
			children = (
				70288BA31BC79A9A007FB970 /* Base */,
			);
			name = Main.storyboard;
			sourceTree = "<group>";
		};
		70288BA71BC79A9A007FB970 /* LaunchScreen.storyboard */ = {
			isa = PBXVariantGroup;
			children = (
				70288BA81BC79A9A007FB970 /* Base */,
			);
			name = LaunchScreen.storyboard;
			sourceTree = "<group>";
		};
		70288BD81BC79AC2007FB970 /* MainInterface.storyboard */ = {
			isa = PBXVariantGroup;
			children = (
				70288BD91BC79AC2007FB970 /* Base */,
			);
			name = MainInterface.storyboard;
			sourceTree = "<group>";
		};
		70288BEC1BC79D89007FB970 /* MainInterface.storyboard */ = {
			isa = PBXVariantGroup;
			children = (
				70288BED1BC79D89007FB970 /* Base */,
			);
			name = MainInterface.storyboard;
			sourceTree = "<group>";
		};
		70288C031BC7A100007FB970 /* MainInterface.storyboard */ = {
			isa = PBXVariantGroup;
			children = (
				70288C041BC7A100007FB970 /* Base */,
			);
			name = MainInterface.storyboard;
			sourceTree = "<group>";
		};
/* End PBXVariantGroup section */

/* Begin XCBuildConfiguration section */
		70288BC11BC79A9A007FB970 /* Debug */ = {
			isa = XCBuildConfiguration;
			buildSettings = {
				ALWAYS_SEARCH_USER_PATHS = NO;
				CLANG_CXX_LANGUAGE_STANDARD = "gnu++0x";
				CLANG_CXX_LIBRARY = "libc++";
				CLANG_ENABLE_MODULES = YES;
				CLANG_ENABLE_OBJC_ARC = YES;
				CLANG_WARN_BOOL_CONVERSION = YES;
				CLANG_WARN_CONSTANT_CONVERSION = YES;
				CLANG_WARN_DIRECT_OBJC_ISA_USAGE = YES_ERROR;
				CLANG_WARN_EMPTY_BODY = YES;
				CLANG_WARN_ENUM_CONVERSION = YES;
				CLANG_WARN_INT_CONVERSION = YES;
				CLANG_WARN_OBJC_ROOT_CLASS = YES_ERROR;
				CLANG_WARN_UNREACHABLE_CODE = YES;
				CLANG_WARN__DUPLICATE_METHOD_MATCH = YES;
				"CODE_SIGN_IDENTITY[sdk=iphoneos*]" = "iPhone Developer";
				COPY_PHASE_STRIP = NO;
				DEBUG_INFORMATION_FORMAT = dwarf;
				ENABLE_STRICT_OBJC_MSGSEND = YES;
				ENABLE_TESTABILITY = YES;
				GCC_C_LANGUAGE_STANDARD = gnu99;
				GCC_DYNAMIC_NO_PIC = NO;
				GCC_NO_COMMON_BLOCKS = YES;
				GCC_OPTIMIZATION_LEVEL = 0;
				GCC_PREPROCESSOR_DEFINITIONS = (
					"DEBUG=1",
					"$(inherited)",
				);
				GCC_WARN_64_TO_32_BIT_CONVERSION = YES;
				GCC_WARN_ABOUT_RETURN_TYPE = YES_ERROR;
				GCC_WARN_UNDECLARED_SELECTOR = YES;
				GCC_WARN_UNINITIALIZED_AUTOS = YES_AGGRESSIVE;
				GCC_WARN_UNUSED_FUNCTION = YES;
				GCC_WARN_UNUSED_VARIABLE = YES;
				IPHONEOS_DEPLOYMENT_TARGET = 9.0;
				MTL_ENABLE_DEBUG_INFO = YES;
				ONLY_ACTIVE_ARCH = YES;
				SDKROOT = iphoneos;
			};
			name = Debug;
		};
		70288BC21BC79A9A007FB970 /* Release */ = {
			isa = XCBuildConfiguration;
			buildSettings = {
				ALWAYS_SEARCH_USER_PATHS = NO;
				CLANG_CXX_LANGUAGE_STANDARD = "gnu++0x";
				CLANG_CXX_LIBRARY = "libc++";
				CLANG_ENABLE_MODULES = YES;
				CLANG_ENABLE_OBJC_ARC = YES;
				CLANG_WARN_BOOL_CONVERSION = YES;
				CLANG_WARN_CONSTANT_CONVERSION = YES;
				CLANG_WARN_DIRECT_OBJC_ISA_USAGE = YES_ERROR;
				CLANG_WARN_EMPTY_BODY = YES;
				CLANG_WARN_ENUM_CONVERSION = YES;
				CLANG_WARN_INT_CONVERSION = YES;
				CLANG_WARN_OBJC_ROOT_CLASS = YES_ERROR;
				CLANG_WARN_UNREACHABLE_CODE = YES;
				CLANG_WARN__DUPLICATE_METHOD_MATCH = YES;
				"CODE_SIGN_IDENTITY[sdk=iphoneos*]" = "iPhone Developer";
				COPY_PHASE_STRIP = NO;
				DEBUG_INFORMATION_FORMAT = "dwarf-with-dsym";
				ENABLE_NS_ASSERTIONS = NO;
				ENABLE_STRICT_OBJC_MSGSEND = YES;
				GCC_C_LANGUAGE_STANDARD = gnu99;
				GCC_NO_COMMON_BLOCKS = YES;
				GCC_WARN_64_TO_32_BIT_CONVERSION = YES;
				GCC_WARN_ABOUT_RETURN_TYPE = YES_ERROR;
				GCC_WARN_UNDECLARED_SELECTOR = YES;
				GCC_WARN_UNINITIALIZED_AUTOS = YES_AGGRESSIVE;
				GCC_WARN_UNUSED_FUNCTION = YES;
				GCC_WARN_UNUSED_VARIABLE = YES;
				IPHONEOS_DEPLOYMENT_TARGET = 9.0;
				MTL_ENABLE_DEBUG_INFO = NO;
				SDKROOT = iphoneos;
				VALIDATE_PRODUCT = YES;
			};
			name = Release;
		};
		70288BC41BC79A9A007FB970 /* Debug */ = {
			isa = XCBuildConfiguration;
			buildSettings = {
				ASSETCATALOG_COMPILER_APPICON_NAME = AppIcon;
				INFOPLIST_FILE = "04-应用扩展探究/Info.plist";
				LD_RUNPATH_SEARCH_PATHS = "$(inherited) @executable_path/Frameworks";
				PRODUCT_BUNDLE_IDENTIFIER = "com.520it.-4-------";
				PRODUCT_NAME = "$(TARGET_NAME)";
			};
			name = Debug;
		};
		70288BC51BC79A9A007FB970 /* Release */ = {
			isa = XCBuildConfiguration;
			buildSettings = {
				ASSETCATALOG_COMPILER_APPICON_NAME = AppIcon;
				INFOPLIST_FILE = "04-应用扩展探究/Info.plist";
				LD_RUNPATH_SEARCH_PATHS = "$(inherited) @executable_path/Frameworks";
				PRODUCT_BUNDLE_IDENTIFIER = "com.520it.-4-------";
				PRODUCT_NAME = "$(TARGET_NAME)";
			};
			name = Release;
		};
		70288BC71BC79A9A007FB970 /* Debug */ = {
			isa = XCBuildConfiguration;
			buildSettings = {
				BUNDLE_LOADER = "$(TEST_HOST)";
				INFOPLIST_FILE = "04-应用扩展探究Tests/Info.plist";
				LD_RUNPATH_SEARCH_PATHS = "$(inherited) @executable_path/Frameworks @loader_path/Frameworks";
				PRODUCT_BUNDLE_IDENTIFIER = "com.520it.-4-------Tests";
				PRODUCT_NAME = "$(TARGET_NAME)";
				TEST_HOST = "$(BUILT_PRODUCTS_DIR)/04-应用扩展探究.app/04-应用扩展探究";
			};
			name = Debug;
		};
		70288BC81BC79A9A007FB970 /* Release */ = {
			isa = XCBuildConfiguration;
			buildSettings = {
				BUNDLE_LOADER = "$(TEST_HOST)";
				INFOPLIST_FILE = "04-应用扩展探究Tests/Info.plist";
				LD_RUNPATH_SEARCH_PATHS = "$(inherited) @executable_path/Frameworks @loader_path/Frameworks";
				PRODUCT_BUNDLE_IDENTIFIER = "com.520it.-4-------Tests";
				PRODUCT_NAME = "$(TARGET_NAME)";
				TEST_HOST = "$(BUILT_PRODUCTS_DIR)/04-应用扩展探究.app/04-应用扩展探究";
			};
			name = Release;
		};
		70288BCA1BC79A9A007FB970 /* Debug */ = {
			isa = XCBuildConfiguration;
			buildSettings = {
				INFOPLIST_FILE = "04-应用扩展探究UITests/Info.plist";
				LD_RUNPATH_SEARCH_PATHS = "$(inherited) @executable_path/Frameworks @loader_path/Frameworks";
				PRODUCT_BUNDLE_IDENTIFIER = "com.520it.-4-------UITests";
				PRODUCT_NAME = "$(TARGET_NAME)";
				TEST_TARGET_NAME = "04-应用扩展探究";
				USES_XCTRUNNER = YES;
			};
			name = Debug;
		};
		70288BCB1BC79A9A007FB970 /* Release */ = {
			isa = XCBuildConfiguration;
			buildSettings = {
				INFOPLIST_FILE = "04-应用扩展探究UITests/Info.plist";
				LD_RUNPATH_SEARCH_PATHS = "$(inherited) @executable_path/Frameworks @loader_path/Frameworks";
				PRODUCT_BUNDLE_IDENTIFIER = "com.520it.-4-------UITests";
				PRODUCT_NAME = "$(TARGET_NAME)";
				TEST_TARGET_NAME = "04-应用扩展探究";
				USES_XCTRUNNER = YES;
			};
			name = Release;
		};
		70288BE01BC79AC2007FB970 /* Debug */ = {
			isa = XCBuildConfiguration;
			buildSettings = {
				INFOPLIST_FILE = "todayE-test/Info.plist";
				LD_RUNPATH_SEARCH_PATHS = "$(inherited) @executable_path/Frameworks @executable_path/../../Frameworks";
				PRODUCT_BUNDLE_IDENTIFIER = "com.520it.-4-------.todayE-test";
				PRODUCT_NAME = "$(TARGET_NAME)";
				SKIP_INSTALL = YES;
			};
			name = Debug;
		};
		70288BE11BC79AC2007FB970 /* Release */ = {
			isa = XCBuildConfiguration;
			buildSettings = {
				INFOPLIST_FILE = "todayE-test/Info.plist";
				LD_RUNPATH_SEARCH_PATHS = "$(inherited) @executable_path/Frameworks @executable_path/../../Frameworks";
				PRODUCT_BUNDLE_IDENTIFIER = "com.520it.-4-------.todayE-test";
				PRODUCT_NAME = "$(TARGET_NAME)";
				SKIP_INSTALL = YES;
			};
			name = Release;
		};
		70288BF41BC79D8A007FB970 /* Debug */ = {
			isa = XCBuildConfiguration;
			buildSettings = {
				INFOPLIST_FILE = "test-shareE/Info.plist";
				LD_RUNPATH_SEARCH_PATHS = "$(inherited) @executable_path/Frameworks @executable_path/../../Frameworks";
				PRODUCT_BUNDLE_IDENTIFIER = "com.520it.-4-------.test-shareE";
				PRODUCT_NAME = "$(TARGET_NAME)";
				SKIP_INSTALL = YES;
			};
			name = Debug;
		};
		70288BF51BC79D8A007FB970 /* Release */ = {
			isa = XCBuildConfiguration;
			buildSettings = {
				INFOPLIST_FILE = "test-shareE/Info.plist";
				LD_RUNPATH_SEARCH_PATHS = "$(inherited) @executable_path/Frameworks @executable_path/../../Frameworks";
				PRODUCT_BUNDLE_IDENTIFIER = "com.520it.-4-------.test-shareE";
				PRODUCT_NAME = "$(TARGET_NAME)";
				SKIP_INSTALL = YES;
			};
			name = Release;
		};
		70288C0B1BC7A100007FB970 /* Debug */ = {
			isa = XCBuildConfiguration;
			buildSettings = {
				INFOPLIST_FILE = "test-PhotoEditingExtension/Info.plist";
				LD_RUNPATH_SEARCH_PATHS = "$(inherited) @executable_path/Frameworks @executable_path/../../Frameworks";
				PRODUCT_BUNDLE_IDENTIFIER = "com.520it.-4-------.test-PhotoEditingExtension";
				PRODUCT_NAME = "$(TARGET_NAME)";
				SKIP_INSTALL = YES;
			};
			name = Debug;
		};
		70288C0C1BC7A100007FB970 /* Release */ = {
			isa = XCBuildConfiguration;
			buildSettings = {
				INFOPLIST_FILE = "test-PhotoEditingExtension/Info.plist";
				LD_RUNPATH_SEARCH_PATHS = "$(inherited) @executable_path/Frameworks @executable_path/../../Frameworks";
				PRODUCT_BUNDLE_IDENTIFIER = "com.520it.-4-------.test-PhotoEditingExtension";
				PRODUCT_NAME = "$(TARGET_NAME)";
				SKIP_INSTALL = YES;
			};
			name = Release;
		};
		70288C1B1BC7A781007FB970 /* Debug */ = {
			isa = XCBuildConfiguration;
			buildSettings = {
				INFOPLIST_FILE = "test-自定义键盘-Extension/Info.plist";
				LD_RUNPATH_SEARCH_PATHS = "$(inherited) @executable_path/Frameworks @executable_path/../../Frameworks";
				PRODUCT_BUNDLE_IDENTIFIER = "com.520it.-4-------.test-------Extension";
				PRODUCT_NAME = "$(TARGET_NAME)";
				SKIP_INSTALL = YES;
			};
			name = Debug;
		};
		70288C1C1BC7A781007FB970 /* Release */ = {
			isa = XCBuildConfiguration;
			buildSettings = {
				INFOPLIST_FILE = "test-自定义键盘-Extension/Info.plist";
				LD_RUNPATH_SEARCH_PATHS = "$(inherited) @executable_path/Frameworks @executable_path/../../Frameworks";
				PRODUCT_BUNDLE_IDENTIFIER = "com.520it.-4-------.test-------Extension";
				PRODUCT_NAME = "$(TARGET_NAME)";
				SKIP_INSTALL = YES;
			};
			name = Release;
		};
/* End XCBuildConfiguration section */

/* Begin XCConfigurationList section */
		70288B911BC79A9A007FB970 /* Build configuration list for PBXProject "04-应用扩展探究" */ = {
			isa = XCConfigurationList;
			buildConfigurations = (
				70288BC11BC79A9A007FB970 /* Debug */,
				70288BC21BC79A9A007FB970 /* Release */,
			);
			defaultConfigurationIsVisible = 0;
			defaultConfigurationName = Release;
		};
		70288BC31BC79A9A007FB970 /* Build configuration list for PBXNativeTarget "04-应用扩展探究" */ = {
			isa = XCConfigurationList;
			buildConfigurations = (
				70288BC41BC79A9A007FB970 /* Debug */,
				70288BC51BC79A9A007FB970 /* Release */,
			);
			defaultConfigurationIsVisible = 0;
		};
		70288BC61BC79A9A007FB970 /* Build configuration list for PBXNativeTarget "04-应用扩展探究Tests" */ = {
			isa = XCConfigurationList;
			buildConfigurations = (
				70288BC71BC79A9A007FB970 /* Debug */,
				70288BC81BC79A9A007FB970 /* Release */,
			);
			defaultConfigurationIsVisible = 0;
		};
		70288BC91BC79A9A007FB970 /* Build configuration list for PBXNativeTarget "04-应用扩展探究UITests" */ = {
			isa = XCConfigurationList;
			buildConfigurations = (
				70288BCA1BC79A9A007FB970 /* Debug */,
				70288BCB1BC79A9A007FB970 /* Release */,
			);
			defaultConfigurationIsVisible = 0;
		};
		70288BDF1BC79AC2007FB970 /* Build configuration list for PBXNativeTarget "todayE-test" */ = {
			isa = XCConfigurationList;
			buildConfigurations = (
				70288BE01BC79AC2007FB970 /* Debug */,
				70288BE11BC79AC2007FB970 /* Release */,
			);
			defaultConfigurationIsVisible = 0;
		};
		70288BF31BC79D8A007FB970 /* Build configuration list for PBXNativeTarget "test-shareE" */ = {
			isa = XCConfigurationList;
			buildConfigurations = (
				70288BF41BC79D8A007FB970 /* Debug */,
				70288BF51BC79D8A007FB970 /* Release */,
			);
			defaultConfigurationIsVisible = 0;
		};
		70288C0A1BC7A100007FB970 /* Build configuration list for PBXNativeTarget "test-PhotoEditingExtension" */ = {
			isa = XCConfigurationList;
			buildConfigurations = (
				70288C0B1BC7A100007FB970 /* Debug */,
				70288C0C1BC7A100007FB970 /* Release */,
			);
			defaultConfigurationIsVisible = 0;
		};
		70288C1A1BC7A781007FB970 /* Build configuration list for PBXNativeTarget "test-自定义键盘-Extension" */ = {
			isa = XCConfigurationList;
			buildConfigurations = (
				70288C1B1BC7A781007FB970 /* Debug */,
				70288C1C1BC7A781007FB970 /* Release */,
			);
			defaultConfigurationIsVisible = 0;
		};
/* End XCConfigurationList section */
	};
	rootObject = 70288B8E1BC79A9A007FB970 /* Project object */;
}
